%{"calliope": {:hex, :calliope, "0.3.0", "81c2937b27094eee8f8a3fce5effb9140cb8a1fbc03620c6ff57a798d400a3ce", [:mix], [], "hexpm"},
  "cowboy": {:hex, :cowboy, "1.1.2", "61ac29ea970389a88eca5a65601460162d370a70018afe6f949a29dca91f3bb0", [:rebar3], [{:cowlib, "~> 1.0.2", [hex: :cowlib, repo: "hexpm", optional: false]}, {:ranch, "~> 1.3.2", [hex: :ranch, repo: "hexpm", optional: false]}], "hexpm"},
  "cowlib": {:hex, :cowlib, "1.0.2", "9d769a1d062c9c3ac753096f868ca121e2730b9a377de23dec0f7e08b1df84ee", [:make], [], "hexpm"},
  "mime": {:hex, :mime, "1.1.0", "01c1d6f4083d8aa5c7b8c246ade95139620ef8effb009edde934e0ec3b28090a", [:mix], [], "hexpm"},
  "plug": {:hex, :plug, "1.3.5", "7503bfcd7091df2a9761ef8cecea666d1f2cc454cbbaf0afa0b6e259203b7031", [:mix], [{:cowboy, "~> 1.0.1 or ~> 1.1", [hex: :cowboy, repo: "hexpm", optional: true]}, {:mime, "~> 1.0", [hex: :mime, repo: "hexpm", optional: false]}], "hexpm"},
  "plug_heartbeat": {:hex, :plug_heartbeat, "0.2.0", "912485e20cf483da21d6dfd4f6ed0dcc8d497f497b123231a73a326239b3f2f1", [:mix], [{:cowboy, ">= 1.0.0", [hex: :cowboy, repo: "hexpm", optional: false]}, {:plug, ">= 0.12.0", [hex: :plug, repo: "hexpm", optional: false]}], "hexpm"},
  "poison": {:hex, :poison, "1.5.2", "560bdfb7449e3ddd23a096929fb9fc2122f709bcc758b2d5d5a5c7d0ea848910", [:mix], [], "hexpm"},
  "ranch": {:hex, :ranch, "1.3.2", "e4965a144dc9fbe70e5c077c65e73c57165416a901bd02ea899cfd95aa890986", [:rebar3], [], "hexpm"},
  "trot": {:git, "https://github.com/hexedpackets/trot.git", "0b4a0faff6fc6eca1cc14e35bcdef45127a7cbb5", []}}
