%{"calliope": {:hex, :calliope, "0.3.0", "81c2937b27094eee8f8a3fce5effb9140cb8a1fbc03620c6ff57a798d400a3ce", [:mix], [], "hexpm"},
  "cowboy": {:hex, :cowboy, "1.0.4", "a324a8df9f2316c833a470d918aaf73ae894278b8aa6226ce7a9bf699388f878", [:make, :rebar], [{:cowlib, "~> 1.0.0", [hex: :cowlib, repo: "hexpm", optional: false]}, {:ranch, "~> 1.0", [hex: :ranch, repo: "hexpm", optional: false]}], "hexpm"},
  "cowlib": {:hex, :cowlib, "1.0.2", "9d769a1d062c9c3ac753096f868ca121e2730b9a377de23dec0f7e08b1df84ee", [:make], [], "hexpm"},
  "distillery": {:hex, :distillery, "0.10.1", "14fccade4b8ab849b99e21c4bdfaa1092dbacdce8afd33f5c369c6e114385b0e", [:mix], [], "hexpm"},
  "mime": {:hex, :mime, "1.1.0", "01c1d6f4083d8aa5c7b8c246ade95139620ef8effb009edde934e0ec3b28090a", [:mix], [], "hexpm"},
  "plug": {:hex, :plug, "1.3.5", "7503bfcd7091df2a9761ef8cecea666d1f2cc454cbbaf0afa0b6e259203b7031", [:mix], [{:cowboy, "~> 1.0.1 or ~> 1.1", [hex: :cowboy, repo: "hexpm", optional: true]}, {:mime, "~> 1.0", [hex: :mime, repo: "hexpm", optional: false]}], "hexpm"},
  "plug_heartbeat": {:hex, :plug_heartbeat, "0.2.0", "912485e20cf483da21d6dfd4f6ed0dcc8d497f497b123231a73a326239b3f2f1", [:mix], [{:cowboy, ">= 1.0.0", [hex: :cowboy, repo: "hexpm", optional: false]}, {:plug, ">= 0.12.0", [hex: :plug, repo: "hexpm", optional: false]}], "hexpm"},
  "poison": {:hex, :poison, "1.4.0", "cd5afb9db7f0d19487572fa28185b6d4de647f14235746824e77b3139b79b725", [:mix], [], "hexpm"},
  "ranch": {:hex, :ranch, "1.4.0", "10272f95da79340fa7e8774ba7930b901713d272905d0012b06ca6d994f8826b", [:rebar3], [], "hexpm"},
  "trot": {:git, "https://github.com/hexedpackets/trot.git", "0b4a0faff6fc6eca1cc14e35bcdef45127a7cbb5", []}}
